<?xml version="1.0" encoding="utf-8"?>
<Project ToolsVersion="4.0" xmlns="http://schemas.microsoft.com/developer/msbuild/2003">
  <ItemGroup>
    <Filter Include="Source Files">
      <UniqueIdentifier>{4FC737F1-C7A5-4376-A066-2A32D752A2FF}</UniqueIdentifier>
      <Extensions>cpp;c;cc;cxx;c++;cppm;ixx;def;odl;idl;hpj;bat;asm;asmx</Extensions>
    </Filter>
    <Filter Include="Header Files">
      <UniqueIdentifier>{93995380-89BD-4b04-88EB-625FBE52EBFB}</UniqueIdentifier>
      <Extensions>h;hh;hpp;hxx;h++;hm;inl;inc;ipp;xsd</Extensions>
    </Filter>
    <Filter Include="Resource Files">
      <UniqueIdentifier>{67DA6AB6-F800-4c08-8B7A-83BB121AAD01}</UniqueIdentifier>
      <Extensions>rc;ico;cur;bmp;dlg;rc2;rct;bin;rgs;gif;jpg;jpeg;jpe;resx;tiff;tif;png;wav;mfcribbon-ms</Extensions>
    </Filter>
    <Filter Include="Source Files\Structures">
      <UniqueIdentifier>{e79a8112-f095-4a91-b54c-04a69291748a}</UniqueIdentifier>
    </Filter>
    <Filter Include="Source Files\Models">
      <UniqueIdentifier>{1176f239-1fbc-4375-964a-90d7aebb307e}</UniqueIdentifier>
    </Filter>
    <Filter Include="Source Files\Core">
      <UniqueIdentifier>{8f62adef-86f6-4e6f-907b-20786a348f8b}</UniqueIdentifier>
    </Filter>
  </ItemGroup>
  <ItemGroup>
    <ClCompile Include="main.cpp">
      <Filter>Source Files</Filter>
    </ClCompile>
    <ClCompile Include="Biblioteca.cpp">
      <Filter>Source Files\Core</Filter>
    </ClCompile>
  </ItemGroup>
  <ItemGroup>
    <ClInclude Include="BPlusTree.h">
      <Filter>Source Files\Structures</Filter>
    </ClInclude>
    <ClInclude Include="RedBlackTree.h">
      <Filter>Source Files\Structures</Filter>
    </ClInclude>
    <ClInclude Include="Graph.h">
      <Filter>Source Files\Structures</Filter>
    </ClInclude>
    <ClInclude Include="Queue.h">
      <Filter>Source Files\Structures</Filter>
    </ClInclude>
    <ClInclude Include="Libro.h">
      <Filter>Source Files\Models</Filter>
    </ClInclude>
    <ClInclude Include="Usuario.h">
      <Filter>Source Files\Models</Filter>
    </ClInclude>
    <ClInclude Include="Prestamo.h">
      <Filter>Source Files\Models</Filter>
    </ClInclude>
    <ClInclude Include="Biblioteca.h">
      <Filter>Source Files\Core</Filter>
    </ClInclude>
    <ClInclude Include="HashDynamic.h">
      <Filter>Source Files\Structures</Filter>
    </ClInclude>
  </ItemGroup>
  <ItemGroup>
    <Text Include="libros.txt" />
    <Text Include="usuarios.txt" />
  </ItemGroup>
</Project>